// !$*UTF8*$!
{
	archiveVersion = 1;
	classes = {
	};
	objectVersion = 50;
	objects = {

/* Begin PBXBuildFile section */
		1ED295F423231F630059D117 /* AppDelegate.swift in Sources */ = {isa = PBXBuildFile; fileRef = 1ED295F323231F630059D117 /* AppDelegate.swift */; };
		1ED295F623231F630059D117 /* FirstViewController.swift in Sources */ = {isa = PBXBuildFile; fileRef = 1ED295F523231F630059D117 /* FirstViewController.swift */; };
		1ED295F823231F630059D117 /* SecondViewController.swift in Sources */ = {isa = PBXBuildFile; fileRef = 1ED295F723231F630059D117 /* SecondViewController.swift */; };
		1ED295FB23231F630059D117 /* Main.storyboard in Resources */ = {isa = PBXBuildFile; fileRef = 1ED295F923231F630059D117 /* Main.storyboard */; };
		1ED295FD23231F660059D117 /* Assets.xcassets in Resources */ = {isa = PBXBuildFile; fileRef = 1ED295FC23231F660059D117 /* Assets.xcassets */; };
		1ED2960023231F660059D117 /* LaunchScreen.storyboard in Resources */ = {isa = PBXBuildFile; fileRef = 1ED295FE23231F660059D117 /* LaunchScreen.storyboard */; };
		1ED29608232320470059D117 /* CitizenScienceViewController.swift in Sources */ = {isa = PBXBuildFile; fileRef = 1ED29607232320470059D117 /* CitizenScienceViewController.swift */; };
		1ED2960A2323276F0059D117 /* CategoryTableViewController.swift in Sources */ = {isa = PBXBuildFile; fileRef = 1ED296092323276F0059D117 /* CategoryTableViewController.swift */; };
		1ED2960C232327C40059D117 /* TideDataViewController.swift in Sources */ = {isa = PBXBuildFile; fileRef = 1ED2960B232327C40059D117 /* TideDataViewController.swift */; };
		1ED2960F232329630059D117 /* OrganismDetailViewController.swift in Sources */ = {isa = PBXBuildFile; fileRef = 1ED2960E232329630059D117 /* OrganismDetailViewController.swift */; };
		1ED2961123232DAA0059D117 /* MarineLifeGroups.swift in Sources */ = {isa = PBXBuildFile; fileRef = 1ED2961023232DAA0059D117 /* MarineLifeGroups.swift */; };
		1ED2961423232F0B0059D117 /* MasterGroups.json in Resources */ = {isa = PBXBuildFile; fileRef = 1ED2961323232F0B0059D117 /* MasterGroups.json */; };
		1ED296162328307C0059D117 /* Organism.swift in Sources */ = {isa = PBXBuildFile; fileRef = 1ED296152328307C0059D117 /* Organism.swift */; };
		1ED29619232834990059D117 /* Organisms.json in Resources */ = {isa = PBXBuildFile; fileRef = 1ED29618232834990059D117 /* Organisms.json */; };
		1ED2961B232836BE0059D117 /* OrganismRepo.swift in Sources */ = {isa = PBXBuildFile; fileRef = 1ED2961A232836BE0059D117 /* OrganismRepo.swift */; };
/* End PBXBuildFile section */

/* Begin PBXFileReference section */
		1ED295F023231F630059D117 /* Burrito.app */ = {isa = PBXFileReference; explicitFileType = wrapper.application; includeInIndex = 0; path = Burrito.app; sourceTree = BUILT_PRODUCTS_DIR; };
		1ED295F323231F630059D117 /* AppDelegate.swift */ = {isa = PBXFileReference; lastKnownFileType = sourcecode.swift; path = AppDelegate.swift; sourceTree = "<group>"; };
		1ED295F523231F630059D117 /* FirstViewController.swift */ = {isa = PBXFileReference; lastKnownFileType = sourcecode.swift; path = FirstViewController.swift; sourceTree = "<group>"; };
		1ED295F723231F630059D117 /* SecondViewController.swift */ = {isa = PBXFileReference; lastKnownFileType = sourcecode.swift; path = SecondViewController.swift; sourceTree = "<group>"; };
		1ED295FA23231F630059D117 /* Base */ = {isa = PBXFileReference; lastKnownFileType = file.storyboard; name = Base; path = Base.lproj/Main.storyboard; sourceTree = "<group>"; };
		1ED295FC23231F660059D117 /* Assets.xcassets */ = {isa = PBXFileReference; lastKnownFileType = folder.assetcatalog; path = Assets.xcassets; sourceTree = "<group>"; };
		1ED295FF23231F660059D117 /* Base */ = {isa = PBXFileReference; lastKnownFileType = file.storyboard; name = Base; path = Base.lproj/LaunchScreen.storyboard; sourceTree = "<group>"; };
		1ED2960123231F660059D117 /* Info.plist */ = {isa = PBXFileReference; lastKnownFileType = text.plist.xml; path = Info.plist; sourceTree = "<group>"; };
		1ED29607232320470059D117 /* CitizenScienceViewController.swift */ = {isa = PBXFileReference; lastKnownFileType = sourcecode.swift; path = CitizenScienceViewController.swift; sourceTree = "<group>"; };
		1ED296092323276F0059D117 /* CategoryTableViewController.swift */ = {isa = PBXFileReference; lastKnownFileType = sourcecode.swift; path = CategoryTableViewController.swift; sourceTree = "<group>"; };
		1ED2960B232327C40059D117 /* TideDataViewController.swift */ = {isa = PBXFileReference; lastKnownFileType = sourcecode.swift; path = TideDataViewController.swift; sourceTree = "<group>"; };
		1ED2960E232329630059D117 /* OrganismDetailViewController.swift */ = {isa = PBXFileReference; lastKnownFileType = sourcecode.swift; path = OrganismDetailViewController.swift; sourceTree = "<group>"; };
		1ED2961023232DAA0059D117 /* MarineLifeGroups.swift */ = {isa = PBXFileReference; lastKnownFileType = sourcecode.swift; path = MarineLifeGroups.swift; sourceTree = "<group>"; };
		1ED2961323232F0B0059D117 /* MasterGroups.json */ = {isa = PBXFileReference; lastKnownFileType = text.json; path = MasterGroups.json; sourceTree = "<group>"; };
		1ED296152328307C0059D117 /* Organism.swift */ = {isa = PBXFileReference; lastKnownFileType = sourcecode.swift; path = Organism.swift; sourceTree = "<group>"; };
		1ED29618232834990059D117 /* Organisms.json */ = {isa = PBXFileReference; lastKnownFileType = text.json; path = Organisms.json; sourceTree = "<group>"; };
		1ED2961A232836BE0059D117 /* OrganismRepo.swift */ = {isa = PBXFileReference; lastKnownFileType = sourcecode.swift; path = OrganismRepo.swift; sourceTree = "<group>"; };
/* End PBXFileReference section */

/* Begin PBXFrameworksBuildPhase section */
		1ED295ED23231F630059D117 /* Frameworks */ = {
			isa = PBXFrameworksBuildPhase;
			buildActionMask = 2147483647;
			files = (
			);
			runOnlyForDeploymentPostprocessing = 0;
		};
/* End PBXFrameworksBuildPhase section */

/* Begin PBXGroup section */
		1ED295E723231F630059D117 = {
			isa = PBXGroup;
			children = (
				1ED2961223232ED60059D117 /* Data */,
				1ED2960E232329630059D117 /* OrganismDetailViewController.swift */,
				1ED2960D2323280C0059D117 /* Views */,
				1ED295F223231F630059D117 /* Burrito */,
				1ED295F123231F630059D117 /* Products */,
			);
			sourceTree = "<group>";
		};
		1ED295F123231F630059D117 /* Products */ = {
			isa = PBXGroup;
			children = (
				1ED295F023231F630059D117 /* Burrito.app */,
			);
			name = Products;
			sourceTree = "<group>";
		};
		1ED295F223231F630059D117 /* Burrito */ = {
			isa = PBXGroup;
			children = (
				1ED295F323231F630059D117 /* AppDelegate.swift */,
				1ED295F923231F630059D117 /* Main.storyboard */,
				1ED295FC23231F660059D117 /* Assets.xcassets */,
				1ED295FE23231F660059D117 /* LaunchScreen.storyboard */,
				1ED2960123231F660059D117 /* Info.plist */,
				1ED2961023232DAA0059D117 /* MarineLifeGroups.swift */,
				1ED296152328307C0059D117 /* Organism.swift */,
			);
			path = Burrito;
			sourceTree = "<group>";
		};
		1ED2960D2323280C0059D117 /* Views */ = {
			isa = PBXGroup;
			children = (
				1ED296092323276F0059D117 /* CategoryTableViewController.swift */,
				1ED2960B232327C40059D117 /* TideDataViewController.swift */,
				1ED29607232320470059D117 /* CitizenScienceViewController.swift */,
				1ED295F523231F630059D117 /* FirstViewController.swift */,
				1ED295F723231F630059D117 /* SecondViewController.swift */,
			);
			path = Views;
			sourceTree = "<group>";
		};
		1ED2961223232ED60059D117 /* Data */ = {
			isa = PBXGroup;
			children = (
				1ED2961323232F0B0059D117 /* MasterGroups.json */,
				1ED29618232834990059D117 /* Organisms.json */,
				1ED2961A232836BE0059D117 /* OrganismRepo.swift */,
			);
			path = Data;
			sourceTree = "<group>";
		};
/* End PBXGroup section */

/* Begin PBXNativeTarget section */
		1ED295EF23231F630059D117 /* Burrito */ = {
			isa = PBXNativeTarget;
			buildConfigurationList = 1ED2960423231F660059D117 /* Build configuration list for PBXNativeTarget "Burrito" */;
			buildPhases = (
				1ED295EC23231F630059D117 /* Sources */,
				1ED295ED23231F630059D117 /* Frameworks */,
				1ED295EE23231F630059D117 /* Resources */,
			);
			buildRules = (
			);
			dependencies = (
			);
			name = Burrito;
			productName = Burrito;
			productReference = 1ED295F023231F630059D117 /* Burrito.app */;
			productType = "com.apple.product-type.application";
		};
/* End PBXNativeTarget section */

/* Begin PBXProject section */
		1ED295E823231F630059D117 /* Project object */ = {
			isa = PBXProject;
			attributes = {
				LastSwiftUpdateCheck = 1010;
				LastUpgradeCheck = 1010;
				ORGANIZATIONNAME = "Brian Green";
				TargetAttributes = {
					1ED295EF23231F630059D117 = {
						CreatedOnToolsVersion = 10.1;
					};
				};
			};
			buildConfigurationList = 1ED295EB23231F630059D117 /* Build configuration list for PBXProject "Burrito" */;
			compatibilityVersion = "Xcode 9.3";
			developmentRegion = en;
			hasScannedForEncodings = 0;
			knownRegions = (
				en,
				Base,
			);
			mainGroup = 1ED295E723231F630059D117;
			productRefGroup = 1ED295F123231F630059D117 /* Products */;
			projectDirPath = "";
			projectRoot = "";
			targets = (
				1ED295EF23231F630059D117 /* Burrito */,
			);
		};
/* End PBXProject section */

/* Begin PBXResourcesBuildPhase section */
		1ED295EE23231F630059D117 /* Resources */ = {
			isa = PBXResourcesBuildPhase;
			buildActionMask = 2147483647;
			files = (
				1ED2960023231F660059D117 /* LaunchScreen.storyboard in Resources */,
				1ED29619232834990059D117 /* Organisms.json in Resources */,
				1ED2961423232F0B0059D117 /* MasterGroups.json in Resources */,
				1ED295FD23231F660059D117 /* Assets.xcassets in Resources */,
				1ED295FB23231F630059D117 /* Main.storyboard in Resources */,
			);
			runOnlyForDeploymentPostprocessing = 0;
		};
/* End PBXResourcesBuildPhase section */

/* Begin PBXSourcesBuildPhase section */
		1ED295EC23231F630059D117 /* Sources */ = {
			isa = PBXSourcesBuildPhase;
			buildActionMask = 2147483647;
			files = (
				1ED29608232320470059D117 /* CitizenScienceViewController.swift in Sources */,
				1ED2961B232836BE0059D117 /* OrganismRepo.swift in Sources */,
				1ED295F823231F630059D117 /* SecondViewController.swift in Sources */,
				1ED2960C232327C40059D117 /* TideDataViewController.swift in Sources */,
				1ED2960F232329630059D117 /* OrganismDetailViewController.swift in Sources */,
				1ED2960A2323276F0059D117 /* CategoryTableViewController.swift in Sources */,
				1ED2961123232DAA0059D117 /* MarineLifeGroups.swift in Sources */,
				1ED295F423231F630059D117 /* AppDelegate.swift in Sources */,
				1ED296162328307C0059D117 /* Organism.swift in Sources */,
				1ED295F623231F630059D117 /* FirstViewController.swift in Sources */,
			);
			runOnlyForDeploymentPostprocessing = 0;
		};
/* End PBXSourcesBuildPhase section */

/* Begin PBXVariantGroup section */
		1ED295F923231F630059D117 /* Main.storyboard */ = {
			isa = PBXVariantGroup;
			children = (
				1ED295FA23231F630059D117 /* Base */,
			);
			name = Main.storyboard;
			sourceTree = "<group>";
		};
		1ED295FE23231F660059D117 /* LaunchScreen.storyboard */ = {
			isa = PBXVariantGroup;
			children = (
				1ED295FF23231F660059D117 /* Base */,
			);
			name = LaunchScreen.storyboard;
			sourceTree = "<group>";
		};
/* End PBXVariantGroup section */

/* Begin XCBuildConfiguration section */
		1ED2960223231F660059D117 /* Debug */ = {
			isa = XCBuildConfiguration;
			buildSettings = {
				ALWAYS_SEARCH_USER_PATHS = NO;
				CLANG_ANALYZER_NONNULL = YES;
				CLANG_ANALYZER_NUMBER_OBJECT_CONVERSION = YES_AGGRESSIVE;
				CLANG_CXX_LANGUAGE_STANDARD = "gnu++14";
				CLANG_CXX_LIBRARY = "libc++";
				CLANG_ENABLE_MODULES = YES;
				CLANG_ENABLE_OBJC_ARC = YES;
				CLANG_ENABLE_OBJC_WEAK = YES;
				CLANG_WARN_BLOCK_CAPTURE_AUTORELEASING = YES;
				CLANG_WARN_BOOL_CONVERSION = YES;
				CLANG_WARN_COMMA = YES;
				CLANG_WARN_CONSTANT_CONVERSION = YES;
				CLANG_WARN_DEPRECATED_OBJC_IMPLEMENTATIONS = YES;
				CLANG_WARN_DIRECT_OBJC_ISA_USAGE = YES_ERROR;
				CLANG_WARN_DOCUMENTATION_COMMENTS = YES;
				CLANG_WARN_EMPTY_BODY = YES;
				CLANG_WARN_ENUM_CONVERSION = YES;
				CLANG_WARN_INFINITE_RECURSION = YES;
				CLANG_WARN_INT_CONVERSION = YES;
				CLANG_WARN_NON_LITERAL_NULL_CONVERSION = YES;
				CLANG_WARN_OBJC_IMPLICIT_RETAIN_SELF = YES;
				CLANG_WARN_OBJC_LITERAL_CONVERSION = YES;
				CLANG_WARN_OBJC_ROOT_CLASS = YES_ERROR;
				CLANG_WARN_RANGE_LOOP_ANALYSIS = YES;
				CLANG_WARN_STRICT_PROTOTYPES = YES;
				CLANG_WARN_SUSPICIOUS_MOVE = YES;
				CLANG_WARN_UNGUARDED_AVAILABILITY = YES_AGGRESSIVE;
				CLANG_WARN_UNREACHABLE_CODE = YES;
				CLANG_WARN__DUPLICATE_METHOD_MATCH = YES;
				CODE_SIGN_IDENTITY = "iPhone Developer";
				COPY_PHASE_STRIP = NO;
				DEBUG_INFORMATION_FORMAT = dwarf;
				ENABLE_STRICT_OBJC_MSGSEND = YES;
				ENABLE_TESTABILITY = YES;
				GCC_C_LANGUAGE_STANDARD = gnu11;
				GCC_DYNAMIC_NO_PIC = NO;
				GCC_NO_COMMON_BLOCKS = YES;
				GCC_OPTIMIZATION_LEVEL = 0;
				GCC_PREPROCESSOR_DEFINITIONS = (
					"DEBUG=1",
					"$(inherited)",
				);
				GCC_WARN_64_TO_32_BIT_CONVERSION = YES;
				GCC_WARN_ABOUT_RETURN_TYPE = YES_ERROR;
				GCC_WARN_UNDECLARED_SELECTOR = YES;
				GCC_WARN_UNINITIALIZED_AUTOS = YES_AGGRESSIVE;
				GCC_WARN_UNUSED_FUNCTION = YES;
				GCC_WARN_UNUSED_VARIABLE = YES;
				IPHONEOS_DEPLOYMENT_TARGET = 12.1;
				MTL_ENABLE_DEBUG_INFO = INCLUDE_SOURCE;
				MTL_FAST_MATH = YES;
				ONLY_ACTIVE_ARCH = YES;
				SDKROOT = iphoneos;
				SWIFT_ACTIVE_COMPILATION_CONDITIONS = DEBUG;
				SWIFT_OPTIMIZATION_LEVEL = "-Onone";
			};
			name = Debug;
		};
		1ED2960323231F660059D117 /* Release */ = {
			isa = XCBuildConfiguration;
			buildSettings = {
				ALWAYS_SEARCH_USER_PATHS = NO;
				CLANG_ANALYZER_NONNULL = YES;
				CLANG_ANALYZER_NUMBER_OBJECT_CONVERSION = YES_AGGRESSIVE;
				CLANG_CXX_LANGUAGE_STANDARD = "gnu++14";
				CLANG_CXX_LIBRARY = "libc++";
				CLANG_ENABLE_MODULES = YES;
				CLANG_ENABLE_OBJC_ARC = YES;
				CLANG_ENABLE_OBJC_WEAK = YES;
				CLANG_WARN_BLOCK_CAPTURE_AUTORELEASING = YES;
				CLANG_WARN_BOOL_CONVERSION = YES;
				CLANG_WARN_COMMA = YES;
				CLANG_WARN_CONSTANT_CONVERSION = YES;
				CLANG_WARN_DEPRECATED_OBJC_IMPLEMENTATIONS = YES;
				CLANG_WARN_DIRECT_OBJC_ISA_USAGE = YES_ERROR;
				CLANG_WARN_DOCUMENTATION_COMMENTS = YES;
				CLANG_WARN_EMPTY_BODY = YES;
				CLANG_WARN_ENUM_CONVERSION = YES;
				CLANG_WARN_INFINITE_RECURSION = YES;
				CLANG_WARN_INT_CONVERSION = YES;
				CLANG_WARN_NON_LITERAL_NULL_CONVERSION = YES;
				CLANG_WARN_OBJC_IMPLICIT_RETAIN_SELF = YES;
				CLANG_WARN_OBJC_LITERAL_CONVERSION = YES;
				CLANG_WARN_OBJC_ROOT_CLASS = YES_ERROR;
				CLANG_WARN_RANGE_LOOP_ANALYSIS = YES;
				CLANG_WARN_STRICT_PROTOTYPES = YES;
				CLANG_WARN_SUSPICIOUS_MOVE = YES;
				CLANG_WARN_UNGUARDED_AVAILABILITY = YES_AGGRESSIVE;
				CLANG_WARN_UNREACHABLE_CODE = YES;
				CLANG_WARN__DUPLICATE_METHOD_MATCH = YES;
				CODE_SIGN_IDENTITY = "iPhone Developer";
				COPY_PHASE_STRIP = NO;
				DEBUG_INFORMATION_FORMAT = "dwarf-with-dsym";
				ENABLE_NS_ASSERTIONS = NO;
				ENABLE_STRICT_OBJC_MSGSEND = YES;
				GCC_C_LANGUAGE_STANDARD = gnu11;
				GCC_NO_COMMON_BLOCKS = YES;
				GCC_WARN_64_TO_32_BIT_CONVERSION = YES;
				GCC_WARN_ABOUT_RETURN_TYPE = YES_ERROR;
				GCC_WARN_UNDECLARED_SELECTOR = YES;
				GCC_WARN_UNINITIALIZED_AUTOS = YES_AGGRESSIVE;
				GCC_WARN_UNUSED_FUNCTION = YES;
				GCC_WARN_UNUSED_VARIABLE = YES;
				IPHONEOS_DEPLOYMENT_TARGET = 12.1;
				MTL_ENABLE_DEBUG_INFO = NO;
				MTL_FAST_MATH = YES;
				SDKROOT = iphoneos;
				SWIFT_COMPILATION_MODE = wholemodule;
				SWIFT_OPTIMIZATION_LEVEL = "-O";
				VALIDATE_PRODUCT = YES;
			};
			name = Release;
		};
		1ED2960523231F660059D117 /* Debug */ = {
			isa = XCBuildConfiguration;
			buildSettings = {
				ASSETCATALOG_COMPILER_APPICON_NAME = AppIcon;
				CODE_SIGN_STYLE = Automatic;
				DEVELOPMENT_TEAM = 7645S34N2Y;
				INFOPLIST_FILE = Burrito/Info.plist;
				LD_RUNPATH_SEARCH_PATHS = (
					"$(inherited)",
					"@executable_path/Frameworks",
				);
				PRODUCT_BUNDLE_IDENTIFIER = com.clydotron.Burrito;
				PRODUCT_NAME = "$(TARGET_NAME)";
				SWIFT_VERSION = 4.2;
				TARGETED_DEVICE_FAMILY = "1,2";
			};
			name = Debug;
		};
		1ED2960623231F660059D117 /* Release */ = {
			isa = XCBuildConfiguration;
			buildSettings = {
				ASSETCATALOG_COMPILER_APPICON_NAME = AppIcon;
				CODE_SIGN_STYLE = Automatic;
				DEVELOPMENT_TEAM = 7645S34N2Y;
				INFOPLIST_FILE = Burrito/Info.plist;
				LD_RUNPATH_SEARCH_PATHS = (
					"$(inherited)",
					"@executable_path/Frameworks",
				);
				PRODUCT_BUNDLE_IDENTIFIER = com.clydotron.Burrito;
				PRODUCT_NAME = "$(TARGET_NAME)";
				SWIFT_VERSION = 4.2;
				TARGETED_DEVICE_FAMILY = "1,2";
			};
			name = Release;
		};
/* End XCBuildConfiguration section */

/* Begin XCConfigurationList section */
		1ED295EB23231F630059D117 /* Build configuration list for PBXProject "Burrito" */ = {
			isa = XCConfigurationList;
			buildConfigurations = (
				1ED2960223231F660059D117 /* Debug */,
				1ED2960323231F660059D117 /* Release */,
			);
			defaultConfigurationIsVisible = 0;
			defaultConfigurationName = Release;
		};
		1ED2960423231F660059D117 /* Build configuration list for PBXNativeTarget "Burrito" */ = {
			isa = XCConfigurationList;
			buildConfigurations = (
				1ED2960523231F660059D117 /* Debug */,
				1ED2960623231F660059D117 /* Release */,
			);
			defaultConfigurationIsVisible = 0;
			defaultConfigurationName = Release;
		};
/* End XCConfigurationList section */
	};
	rootObject = 1ED295E823231F630059D117 /* Project object */;
}
